# This file is automatically @generated by Cargo.
# It is not intended for manual editing.
version = 4

[[package]]
name = "rg_record"
version = "0.1.0"
dependencies = [
 "rustkorean",
]

[[package]]
name = "rustkorean"
version = "1.1.2"
source = "registry+https://github.com/rust-lang/crates.io-index"
checksum = "63b7d3bcbcab8b25f9bbeccc3f50a314bfb5f6325717b70daeb85fd9f1c40dce"
